
Microsoft Visual Studio Solution File, Format Version 12.00
# Visual Studio Version 17
VisualStudioVersion = 17.9.34728.123
MinimumVisualStudioVersion = 10.0.40219.1
Project("{FAE04EC0-301F-11D3-BF4B-00C04F79EFBC}") = "BookManagement_LENHATTRUONG", "BookManagement_LENHATTRUONG\BookManagement_LENHATTRUONG.csproj", "{C39A8E1D-FB33-4A93-B971-CB8483AF7BEA}"
EndProject
Project("{FAE04EC0-301F-11D3-BF4B-00C04F79EFBC}") = "Services", "Services\Services.csproj", "{2546EC93-EB1D-4E55-8E60-6D697C76D47F}"
EndProject
Project("{FAE04EC0-301F-11D3-BF4B-00C04F79EFBC}") = "Repositories", "Repositories\Repositories.csproj", "{5161B766-1C1B-49FF-B0F6-B10E4A16CA4F}"
EndProject
Global
	GlobalSection(SolutionConfigurationPlatforms) = preSolution
		Debug|Any CPU = Debug|Any CPU
		Release|Any CPU = Release|Any CPU
	EndGlobalSection
	GlobalSection(ProjectConfigurationPlatforms) = postSolution
		{C39A8E1D-FB33-4A93-B971-CB8483AF7BEA}.Debug|Any CPU.ActiveCfg = Debug|Any CPU
		{C39A8E1D-FB33-4A93-B971-CB8483AF7BEA}.Debug|Any CPU.Build.0 = Debug|Any CPU
		{C39A8E1D-FB33-4A93-B971-CB8483AF7BEA}.Release|Any CPU.ActiveCfg = Release|Any CPU
		{C39A8E1D-FB33-4A93-B971-CB8483AF7BEA}.Release|Any CPU.Build.0 = Release|Any CPU
		{2546EC93-EB1D-4E55-8E60-6D697C76D47F}.Debug|Any CPU.ActiveCfg = Debug|Any CPU
		{2546EC93-EB1D-4E55-8E60-6D697C76D47F}.Debug|Any CPU.Build.0 = Debug|Any CPU
		{2546EC93-EB1D-4E55-8E60-6D697C76D47F}.Release|Any CPU.ActiveCfg = Release|Any CPU
		{2546EC93-EB1D-4E55-8E60-6D697C76D47F}.Release|Any CPU.Build.0 = Release|Any CPU
		{5161B766-1C1B-49FF-B0F6-B10E4A16CA4F}.Debug|Any CPU.ActiveCfg = Debug|Any CPU
		{5161B766-1C1B-49FF-B0F6-B10E4A16CA4F}.Debug|Any CPU.Build.0 = Debug|Any CPU
		{5161B766-1C1B-49FF-B0F6-B10E4A16CA4F}.Release|Any CPU.ActiveCfg = Release|Any CPU
		{5161B766-1C1B-49FF-B0F6-B10E4A16CA4F}.Release|Any CPU.Build.0 = Release|Any CPU
	EndGlobalSection
	GlobalSection(SolutionProperties) = preSolution
		HideSolutionNode = FALSE
	EndGlobalSection
	GlobalSection(ExtensibilityGlobals) = postSolution
		SolutionGuid = {437B4F68-34BB-494C-8010-12FD3CBE66AA}
	EndGlobalSection
EndGlobal
