
Microsoft Visual Studio Solution File, Format Version 12.00
# Visual Studio Version 17
VisualStudioVersion = 17.9.34728.123
MinimumVisualStudioVersion = 10.0.40219.1
Project("{9A19103F-16F7-4668-BE54-9A1E7A4F7556}") = "BookManagement_LENHATTRUONG", "BookManagement_LENHATTRUONG\BookManagement_LENHATTRUONG.csproj", "{EB32C6EA-2219-44C5-9501-5690D47C281A}"
EndProject
Project("{FAE04EC0-301F-11D3-BF4B-00C04F79EFBC}") = "Services", "Services\Services.csproj", "{F56F16B0-D717-403C-81DE-12616194B251}"
EndProject
Project("{FAE04EC0-301F-11D3-BF4B-00C04F79EFBC}") = "Repositories", "Repositories\Repositories.csproj", "{AE335478-982B-4A69-A095-3DB2DE2BFE67}"
EndProject
Global
	GlobalSection(SolutionConfigurationPlatforms) = preSolution
		Debug|Any CPU = Debug|Any CPU
		Release|Any CPU = Release|Any CPU
	EndGlobalSection
	GlobalSection(ProjectConfigurationPlatforms) = postSolution
		{EB32C6EA-2219-44C5-9501-5690D47C281A}.Debug|Any CPU.ActiveCfg = Debug|Any CPU
		{EB32C6EA-2219-44C5-9501-5690D47C281A}.Debug|Any CPU.Build.0 = Debug|Any CPU
		{EB32C6EA-2219-44C5-9501-5690D47C281A}.Release|Any CPU.ActiveCfg = Release|Any CPU
		{EB32C6EA-2219-44C5-9501-5690D47C281A}.Release|Any CPU.Build.0 = Release|Any CPU
		{F56F16B0-D717-403C-81DE-12616194B251}.Debug|Any CPU.ActiveCfg = Debug|Any CPU
		{F56F16B0-D717-403C-81DE-12616194B251}.Debug|Any CPU.Build.0 = Debug|Any CPU
		{F56F16B0-D717-403C-81DE-12616194B251}.Release|Any CPU.ActiveCfg = Release|Any CPU
		{F56F16B0-D717-403C-81DE-12616194B251}.Release|Any CPU.Build.0 = Release|Any CPU
		{AE335478-982B-4A69-A095-3DB2DE2BFE67}.Debug|Any CPU.ActiveCfg = Debug|Any CPU
		{AE335478-982B-4A69-A095-3DB2DE2BFE67}.Debug|Any CPU.Build.0 = Debug|Any CPU
		{AE335478-982B-4A69-A095-3DB2DE2BFE67}.Release|Any CPU.ActiveCfg = Release|Any CPU
		{AE335478-982B-4A69-A095-3DB2DE2BFE67}.Release|Any CPU.Build.0 = Release|Any CPU
	EndGlobalSection
	GlobalSection(SolutionProperties) = preSolution
		HideSolutionNode = FALSE
	EndGlobalSection
	GlobalSection(ExtensibilityGlobals) = postSolution
		SolutionGuid = {FB9016CD-6796-4F7D-BEC4-3DA2D1439D71}
	EndGlobalSection
EndGlobal
