
Microsoft Visual Studio Solution File, Format Version 12.00
# Visual Studio Version 17
VisualStudioVersion = 17.9.34723.18
MinimumVisualStudioVersion = 10.0.40219.1
Project("{FAE04EC0-301F-11D3-BF4B-00C04F79EFBC}") = "oop", "oop\oop.csproj", "{B4FEB264-3ABD-4FCF-BECB-5429F7B1806E}"
EndProject
Global
	GlobalSection(SolutionConfigurationPlatforms) = preSolution
		Debug|Any CPU = Debug|Any CPU
		Release|Any CPU = Release|Any CPU
	EndGlobalSection
	GlobalSection(ProjectConfigurationPlatforms) = postSolution
		{B4FEB264-3ABD-4FCF-BECB-5429F7B1806E}.Debug|Any CPU.ActiveCfg = Debug|Any CPU
		{B4FEB264-3ABD-4FCF-BECB-5429F7B1806E}.Debug|Any CPU.Build.0 = Debug|Any CPU
		{B4FEB264-3ABD-4FCF-BECB-5429F7B1806E}.Release|Any CPU.ActiveCfg = Release|Any CPU
		{B4FEB264-3ABD-4FCF-BECB-5429F7B1806E}.Release|Any CPU.Build.0 = Release|Any CPU
	EndGlobalSection
	GlobalSection(SolutionProperties) = preSolution
		HideSolutionNode = FALSE
	EndGlobalSection
	GlobalSection(ExtensibilityGlobals) = postSolution
		SolutionGuid = {A637A425-7383-44E0-9C0C-3A1B742A0454}
	EndGlobalSection
EndGlobal
