
Microsoft Visual Studio Solution File, Format Version 12.00
# Visual Studio Version 17
VisualStudioVersion = 17.9.34728.123
MinimumVisualStudioVersion = 10.0.40219.1
Project("{FAE04EC0-301F-11D3-BF4B-00C04F79EFBC}") = "Watches_TruongLeNhat", "Watches_TruongLeNhat\Watches_TruongLeNhat.csproj", "{3F02A1A5-5426-4BD0-99BE-C609063DBBD7}"
EndProject
Project("{FAE04EC0-301F-11D3-BF4B-00C04F79EFBC}") = "Services", "Services\Services.csproj", "{261D29CC-829C-4EB7-AC9C-0F87F3E0FD96}"
EndProject
Project("{FAE04EC0-301F-11D3-BF4B-00C04F79EFBC}") = "Repositories", "Repositories\Repositories.csproj", "{54911ABC-6B4F-4C35-A13C-8150989F733E}"
EndProject
Global
	GlobalSection(SolutionConfigurationPlatforms) = preSolution
		Debug|Any CPU = Debug|Any CPU
		Release|Any CPU = Release|Any CPU
	EndGlobalSection
	GlobalSection(ProjectConfigurationPlatforms) = postSolution
		{3F02A1A5-5426-4BD0-99BE-C609063DBBD7}.Debug|Any CPU.ActiveCfg = Debug|Any CPU
		{3F02A1A5-5426-4BD0-99BE-C609063DBBD7}.Debug|Any CPU.Build.0 = Debug|Any CPU
		{3F02A1A5-5426-4BD0-99BE-C609063DBBD7}.Release|Any CPU.ActiveCfg = Release|Any CPU
		{3F02A1A5-5426-4BD0-99BE-C609063DBBD7}.Release|Any CPU.Build.0 = Release|Any CPU
		{261D29CC-829C-4EB7-AC9C-0F87F3E0FD96}.Debug|Any CPU.ActiveCfg = Debug|Any CPU
		{261D29CC-829C-4EB7-AC9C-0F87F3E0FD96}.Debug|Any CPU.Build.0 = Debug|Any CPU
		{261D29CC-829C-4EB7-AC9C-0F87F3E0FD96}.Release|Any CPU.ActiveCfg = Release|Any CPU
		{261D29CC-829C-4EB7-AC9C-0F87F3E0FD96}.Release|Any CPU.Build.0 = Release|Any CPU
		{54911ABC-6B4F-4C35-A13C-8150989F733E}.Debug|Any CPU.ActiveCfg = Debug|Any CPU
		{54911ABC-6B4F-4C35-A13C-8150989F733E}.Debug|Any CPU.Build.0 = Debug|Any CPU
		{54911ABC-6B4F-4C35-A13C-8150989F733E}.Release|Any CPU.ActiveCfg = Release|Any CPU
		{54911ABC-6B4F-4C35-A13C-8150989F733E}.Release|Any CPU.Build.0 = Release|Any CPU
	EndGlobalSection
	GlobalSection(SolutionProperties) = preSolution
		HideSolutionNode = FALSE
	EndGlobalSection
	GlobalSection(ExtensibilityGlobals) = postSolution
		SolutionGuid = {80F124C3-211D-40A7-A617-F2365061462E}
	EndGlobalSection
EndGlobal
