
Microsoft Visual Studio Solution File, Format Version 12.00
# Visual Studio Version 17
VisualStudioVersion = 17.9.34723.18
MinimumVisualStudioVersion = 10.0.40219.1
Project("{FAE04EC0-301F-11D3-BF4B-00C04F79EFBC}") = "ConsoleApp1", "ConsoleApp1.csproj", "{F47B0B3C-3F9B-480B-AF1F-604CB6BF9373}"
EndProject
Project("{FAE04EC0-301F-11D3-BF4B-00C04F79EFBC}") = "BMIv2", "..\BMIv2\BMIv2.csproj", "{08EDBC98-9E20-471E-9C0C-FBFBC7ADE75F}"
EndProject
Project("{FAE04EC0-301F-11D3-BF4B-00C04F79EFBC}") = "Bmi", "..\Bmi\Bmi.csproj", "{5173E9A8-A25D-4368-B1E1-3A27F41D9837}"
EndProject
Project("{FAE04EC0-301F-11D3-BF4B-00C04F79EFBC}") = "BmiV3", "..\BmiV3\BmiV3.csproj", "{D4AD7B3D-5ADC-454C-BA30-98D3587592CA}"
EndProject
Global
	GlobalSection(SolutionConfigurationPlatforms) = preSolution
		Debug|Any CPU = Debug|Any CPU
		Release|Any CPU = Release|Any CPU
	EndGlobalSection
	GlobalSection(ProjectConfigurationPlatforms) = postSolution
		{F47B0B3C-3F9B-480B-AF1F-604CB6BF9373}.Debug|Any CPU.ActiveCfg = Debug|Any CPU
		{F47B0B3C-3F9B-480B-AF1F-604CB6BF9373}.Debug|Any CPU.Build.0 = Debug|Any CPU
		{F47B0B3C-3F9B-480B-AF1F-604CB6BF9373}.Release|Any CPU.ActiveCfg = Release|Any CPU
		{F47B0B3C-3F9B-480B-AF1F-604CB6BF9373}.Release|Any CPU.Build.0 = Release|Any CPU
		{08EDBC98-9E20-471E-9C0C-FBFBC7ADE75F}.Debug|Any CPU.ActiveCfg = Debug|Any CPU
		{08EDBC98-9E20-471E-9C0C-FBFBC7ADE75F}.Debug|Any CPU.Build.0 = Debug|Any CPU
		{08EDBC98-9E20-471E-9C0C-FBFBC7ADE75F}.Release|Any CPU.ActiveCfg = Release|Any CPU
		{08EDBC98-9E20-471E-9C0C-FBFBC7ADE75F}.Release|Any CPU.Build.0 = Release|Any CPU
		{5173E9A8-A25D-4368-B1E1-3A27F41D9837}.Debug|Any CPU.ActiveCfg = Debug|Any CPU
		{5173E9A8-A25D-4368-B1E1-3A27F41D9837}.Debug|Any CPU.Build.0 = Debug|Any CPU
		{5173E9A8-A25D-4368-B1E1-3A27F41D9837}.Release|Any CPU.ActiveCfg = Release|Any CPU
		{5173E9A8-A25D-4368-B1E1-3A27F41D9837}.Release|Any CPU.Build.0 = Release|Any CPU
		{D4AD7B3D-5ADC-454C-BA30-98D3587592CA}.Debug|Any CPU.ActiveCfg = Debug|Any CPU
		{D4AD7B3D-5ADC-454C-BA30-98D3587592CA}.Debug|Any CPU.Build.0 = Debug|Any CPU
		{D4AD7B3D-5ADC-454C-BA30-98D3587592CA}.Release|Any CPU.ActiveCfg = Release|Any CPU
		{D4AD7B3D-5ADC-454C-BA30-98D3587592CA}.Release|Any CPU.Build.0 = Release|Any CPU
	EndGlobalSection
	GlobalSection(SolutionProperties) = preSolution
		HideSolutionNode = FALSE
	EndGlobalSection
	GlobalSection(ExtensibilityGlobals) = postSolution
		SolutionGuid = {75A0542F-94C3-406A-BB44-3C5140888BA9}
	EndGlobalSection
EndGlobal
